{
    "_meta": {
        "hash": {
            "sha256": "7bdf2e87428064cd6013b53a89b3529a8b028b695ca2c047c509b6d59069e65e"
        },
        "pipfile-spec": 6,
        "requires": {},
        "sources": [
            {
                "name": "pypi",
                "url": "https://pypi.org/simple",
                "verify_ssl": true
            }
        ]
    },
    "default": {
        "asgiref": {
            "hashes": [
                "sha256:3e1e3ecc849832fe52ccf2cb6686b7a55f82bb1d6aee72a58826471390335e47",
                "sha256:c343bd80a0bec947a9860adb4c432ffa7db769836c64238fc34bdc3fec84d590"
            ],
            "markers": "python_version >= '3.8'",
            "version": "==3.8.1"
        },
        "django": {
            "hashes": [
                "sha256:1323617cb624add820cb9611cdcc788312d250824f92ca6048fda8625514af2b",
                "sha256:30de4ee43a98e5d3da36a9002f287ff400b43ca51791920bfb35f6917bfe041c"
            ],
            "index": "pypi",
            "markers": "python_version >= '3.10'",
            "version": "==5.1.7"
        },
        "django-cors-headers": {
            "hashes": [
                "sha256:6fdf31bf9c6d6448ba09ef57157db2268d515d94fc5c89a0a1028e1fc03ee52b",
                "sha256:f1c125dcd58479fe7a67fe2499c16ee38b81b397463cf025f0e2c42937421070"
            ],
            "index": "pypi",
            "markers": "python_version >= '3.9'",
            "version": "==4.7.0"
        },
        "djangorestframework": {
            "hashes": [
                "sha256:bea7e9f6b96a8584c5224bfb2e4348dfb3f8b5e34edbecb98da258e892089361",
                "sha256:f022ff46613584de994c0c6a4aebbace5fd700555fbe9d33b865ebf173eba6c9"
            ],
            "index": "pypi",
            "markers": "python_version >= '3.9'",
            "version": "==3.16.0"
        },
        "djangorestframework-simplejwt": {
            "hashes": [
                "sha256:474a1b737067e6462b3609627a392d13a4da8a08b1f0574104ac6d7b1406f90e",
                "sha256:4ef6b38af20cdde4a4a51d1fd8e063cbbabb7b45f149cc885d38d905c5a62edb"
            ],
            "index": "pypi",
            "markers": "python_version >= '3.9'",
            "version": "==5.5.0"
        },
        "mysql-connector-python": {
            "hashes": [
                "sha256:03fe54ca19c2dffa8f04ca0601a1217b126ff8306c76a9b2b4e555f8fbbd2178",
                "sha256:0aee4e3a053672ded2134eda6fff3bc64796df88c9a9e5cab130b576830e14a8",
                "sha256:2238ba121a30dd3a23d33ce3437642e38a1d4b86afaf7a487cdb0d7727db2010",
                "sha256:292974916c6908e62bb0eb864c1c5679aa5c827209a200b5658aa4b4468c19a0",
                "sha256:2a96bed643e901e91c05f421a37844939f5e2f65cc54a406ec5d95e704bda068",
                "sha256:2c358b5732666043683445e88405d58232d5bb0977d24ec55e02a315b33fecbc",
                "sha256:4142a0a4e997210558136ad2b623188c102996eda2d951a3933d6338b210f15e",
                "sha256:417c538dfd64e6d415280067f4d7ce3f901ce85c548e609247a794d205769276",
                "sha256:4d97485eb3f63ab26f6438570c4a392bb1f53c3ad9dca1bfd8b61b5ec1bba690",
                "sha256:5c72ecad9007bc52d4f213e47d3c4cf17b3a3cabfeb2d36317fd4493adf5ed7d",
                "sha256:6557942f6c6be3b41d2965456b53a244a7ce3e6fb81cb195c243549be72a6a24",
                "sha256:65808b0a9998150416ee0b5781fdff456faea247e24d505f606aea2acaf21374",
                "sha256:7c25dc2cb4fca82242d71a0bda2087bdfa3638e0c8175a747a6e765242763b4a",
                "sha256:86c3217849857113912e8fc628e13182f00955ed1257cb7bfdc3d5ac3c5ff371",
                "sha256:877552ff04800be4a53604bfee95b4078d10fcc072d54b9ea8dcd159c692742c",
                "sha256:8a6cfb611bdfea41c67c5305e8fc0e30fdacd258c489dc619f566213cce8bba9",
                "sha256:92ef9e5a37b25978a261b5a14fcfa0cf51cd96168dec4a52657bbfc1e1cb7d9a",
                "sha256:b13b136c188363e18f9b3f6237a0e6eba8601df259ab0f8687cd689f433a391b",
                "sha256:b7d149bcc455cf606a4aa604d45267fba16c8abf36056b804f8d16e8f5e753c1",
                "sha256:bddecd023c0e92182eb3159abee7385a1d38b395a58ff4d94d3d6f1abeca6334",
                "sha256:c2e973bcc6eab68e41e01438b706788e3f47b0b4d6a17fcb74583f7e0b990c5f",
                "sha256:cc09ca64db620f7c898e1fb7c61a3d6f8f21694fcd276ab2635650ce216f8556",
                "sha256:cf2684641084abc47be2dbba7bd42ce22c682bad4228a10bb12c343e1ecfc484",
                "sha256:d007c05a48fc076e5ac7ad3d76e332fa5b0e885853c2da80071ade2d6e01aba5",
                "sha256:e1afa12519671e024d80fbbf74606cc4fb96786b005d79ed959acf3584ba6af4",
                "sha256:e8338a9babe6c67287080ec9f6a0fc245de24841bc532ef97dfd1f93caf4668b"
            ],
            "index": "pypi",
            "markers": "python_version >= '3.9'",
            "version": "==9.2.0"
        },
        "pyjwt": {
            "hashes": [
                "sha256:3b02fb0f44517787776cf48f2ae25d8e14f300e6d7545a4315cee571a415e850",
                "sha256:7e1e5b56cc735432a7369cbfa0efe50fa113ebecdc04ae6922deba8b84582d0c"
            ],
            "markers": "python_version >= '3.8'",
            "version": "==2.9.0"
        },
        "sqlparse": {
            "hashes": [
                "sha256:09f67787f56a0b16ecdbde1bfc7f5d9c3371ca683cfeaa8e6ff60b4807ec9272",
                "sha256:cf2196ed3418f3ba5de6af7e82c694a9fbdbfecccdfc72e281548517081f16ca"
            ],
            "markers": "python_version >= '3.8'",
            "version": "==0.5.3"
        },
        "tzdata": {
            "hashes": [
                "sha256:1a403fada01ff9221ca8044d701868fa132215d84beb92242d9acd2147f667a8",
                "sha256:b60a638fcc0daffadf82fe0f57e53d06bdec2f36c4df66280ae79bce6bd6f2b9"
            ],
            "index": "pypi",
            "markers": "python_version >= '2'",
            "version": "==2025.2"
        }
    },
    "develop": {
        "autopep8": {
            "hashes": [
                "sha256:89440a4f969197b69a995e4ce0661b031f455a9f776d2c5ba3dbd83466931758",
                "sha256:ce8ad498672c845a0c3de2629c15b635ec2b05ef8177a6e7c91c74f3e9b51128"
            ],
            "index": "pypi",
            "markers": "python_version >= '3.9'",
            "version": "==2.3.2"
        },
        "pycodestyle": {
            "hashes": [
                "sha256:35863c5974a271c7a726ed228a14a4f6daf49df369d8c50cd9a6f58a5e143ba9",
                "sha256:c8415bf09abe81d9c7f872502a6eee881fbe85d8763dd5b9924bb0a01d67efae"
            ],
            "markers": "python_version >= '3.9'",
            "version": "==2.13.0"
        }
    }
}
